
Microsoft Visual Studio Solution File, Format Version 12.00
# Visual Studio Version 16
VisualStudioVersion = 16.0.31129.286
MinimumVisualStudioVersion = 10.0.40219.1
Project("{9A19103F-16F7-4668-BE54-9A1E7A4F7556}") = "Theater.Domain", "Theater.Domain\Theater.Domain.csproj", "{4E24AD85-85B1-4DCE-97BD-BEDDFDD821ED}"
EndProject
Project("{9A19103F-16F7-4668-BE54-9A1E7A4F7556}") = "Theater.Domain.Test", "Theater.Domain.Test\Theater.Domain.Test.csproj", "{76A1901E-B55B-408F-BB1E-505E7D4ADEAE}"
EndProject
Project("{9A19103F-16F7-4668-BE54-9A1E7A4F7556}") = "Theater.Repository", "Theater.Repository\Theater.Repository.csproj", "{C532C9D6-74FE-497C-87F5-D3874E9AF2B2}"
EndProject
Project("{9A19103F-16F7-4668-BE54-9A1E7A4F7556}") = "Theater.CQRS", "Theater.CQRS\Theater.CQRS.csproj", "{5B1AC617-445D-4D73-96BD-13F5882921A7}"
EndProject
Project("{9A19103F-16F7-4668-BE54-9A1E7A4F7556}") = "Theater.CQRS.Test", "Theater.CQRS.Test\Theater.CQRS.Test.csproj", "{F2494ECD-4C88-4CD2-B92F-B801459CBE59}"
EndProject
Project("{FAE04EC0-301F-11D3-BF4B-00C04F79EFBC}") = "Theater.Data.User", "Theater.Data.User\Theater.Data.User.csproj", "{0F414F92-11C0-4EE3-BCDD-B583AB2ADBB4}"
EndProject
Global
	GlobalSection(SolutionConfigurationPlatforms) = preSolution
		Debug|Any CPU = Debug|Any CPU
		Release|Any CPU = Release|Any CPU
	EndGlobalSection
	GlobalSection(ProjectConfigurationPlatforms) = postSolution
		{4E24AD85-85B1-4DCE-97BD-BEDDFDD821ED}.Debug|Any CPU.ActiveCfg = Debug|Any CPU
		{4E24AD85-85B1-4DCE-97BD-BEDDFDD821ED}.Debug|Any CPU.Build.0 = Debug|Any CPU
		{4E24AD85-85B1-4DCE-97BD-BEDDFDD821ED}.Release|Any CPU.ActiveCfg = Release|Any CPU
		{4E24AD85-85B1-4DCE-97BD-BEDDFDD821ED}.Release|Any CPU.Build.0 = Release|Any CPU
		{76A1901E-B55B-408F-BB1E-505E7D4ADEAE}.Debug|Any CPU.ActiveCfg = Debug|Any CPU
		{76A1901E-B55B-408F-BB1E-505E7D4ADEAE}.Debug|Any CPU.Build.0 = Debug|Any CPU
		{76A1901E-B55B-408F-BB1E-505E7D4ADEAE}.Release|Any CPU.ActiveCfg = Release|Any CPU
		{76A1901E-B55B-408F-BB1E-505E7D4ADEAE}.Release|Any CPU.Build.0 = Release|Any CPU
		{C532C9D6-74FE-497C-87F5-D3874E9AF2B2}.Debug|Any CPU.ActiveCfg = Debug|Any CPU
		{C532C9D6-74FE-497C-87F5-D3874E9AF2B2}.Debug|Any CPU.Build.0 = Debug|Any CPU
		{C532C9D6-74FE-497C-87F5-D3874E9AF2B2}.Release|Any CPU.ActiveCfg = Release|Any CPU
		{C532C9D6-74FE-497C-87F5-D3874E9AF2B2}.Release|Any CPU.Build.0 = Release|Any CPU
		{5B1AC617-445D-4D73-96BD-13F5882921A7}.Debug|Any CPU.ActiveCfg = Debug|Any CPU
		{5B1AC617-445D-4D73-96BD-13F5882921A7}.Debug|Any CPU.Build.0 = Debug|Any CPU
		{5B1AC617-445D-4D73-96BD-13F5882921A7}.Release|Any CPU.ActiveCfg = Release|Any CPU
		{5B1AC617-445D-4D73-96BD-13F5882921A7}.Release|Any CPU.Build.0 = Release|Any CPU
		{F2494ECD-4C88-4CD2-B92F-B801459CBE59}.Debug|Any CPU.ActiveCfg = Debug|Any CPU
		{F2494ECD-4C88-4CD2-B92F-B801459CBE59}.Debug|Any CPU.Build.0 = Debug|Any CPU
		{F2494ECD-4C88-4CD2-B92F-B801459CBE59}.Release|Any CPU.ActiveCfg = Release|Any CPU
		{F2494ECD-4C88-4CD2-B92F-B801459CBE59}.Release|Any CPU.Build.0 = Release|Any CPU
		{0F414F92-11C0-4EE3-BCDD-B583AB2ADBB4}.Debug|Any CPU.ActiveCfg = Debug|Any CPU
		{0F414F92-11C0-4EE3-BCDD-B583AB2ADBB4}.Debug|Any CPU.Build.0 = Debug|Any CPU
		{0F414F92-11C0-4EE3-BCDD-B583AB2ADBB4}.Release|Any CPU.ActiveCfg = Release|Any CPU
		{0F414F92-11C0-4EE3-BCDD-B583AB2ADBB4}.Release|Any CPU.Build.0 = Release|Any CPU
	EndGlobalSection
	GlobalSection(SolutionProperties) = preSolution
		HideSolutionNode = FALSE
	EndGlobalSection
	GlobalSection(ExtensibilityGlobals) = postSolution
		SolutionGuid = {92CED9AB-4D9C-4524-AB4B-49103408642E}
	EndGlobalSection
EndGlobal
